
Microsoft Visual Studio Solution File, Format Version 12.00
# Visual Studio Version 17
VisualStudioVersion = 17.14.36109.1
MinimumVisualStudioVersion = 10.0.40219.1
Project("{FAE04EC0-301F-11D3-BF4B-00C04F79EFBC}") = "Esenario", "Esenario\Esenario\Esenario.csproj", "{75DB91F1-7D30-472E-A9C4-8AA8B78523F2}"
EndProject
Project("{FAE04EC0-301F-11D3-BF4B-00C04F79EFBC}") = "Esenario.Client", "Esenario\Esenario.Client\Esenario.Client.csproj", "{C1041FA0-725C-482C-9E3D-FE0E34777DE2}"
EndProject
Global
	GlobalSection(SolutionConfigurationPlatforms) = preSolution
		Debug|Any CPU = Debug|Any CPU
		Release|Any CPU = Release|Any CPU
	EndGlobalSection
	GlobalSection(ProjectConfigurationPlatforms) = postSolution
		{75DB91F1-7D30-472E-A9C4-8AA8B78523F2}.Debug|Any CPU.ActiveCfg = Debug|Any CPU
		{75DB91F1-7D30-472E-A9C4-8AA8B78523F2}.Debug|Any CPU.Build.0 = Debug|Any CPU
		{75DB91F1-7D30-472E-A9C4-8AA8B78523F2}.Release|Any CPU.ActiveCfg = Release|Any CPU
		{75DB91F1-7D30-472E-A9C4-8AA8B78523F2}.Release|Any CPU.Build.0 = Release|Any CPU
		{C1041FA0-725C-482C-9E3D-FE0E34777DE2}.Debug|Any CPU.ActiveCfg = Debug|Any CPU
		{C1041FA0-725C-482C-9E3D-FE0E34777DE2}.Debug|Any CPU.Build.0 = Debug|Any CPU
		{C1041FA0-725C-482C-9E3D-FE0E34777DE2}.Release|Any CPU.ActiveCfg = Release|Any CPU
		{C1041FA0-725C-482C-9E3D-FE0E34777DE2}.Release|Any CPU.Build.0 = Release|Any CPU
	EndGlobalSection
	GlobalSection(SolutionProperties) = preSolution
		HideSolutionNode = FALSE
	EndGlobalSection
	GlobalSection(ExtensibilityGlobals) = postSolution
		SolutionGuid = {AF5275DB-7689-4ED5-AD5D-7E97949693C6}
	EndGlobalSection
EndGlobal
